// !$*UTF8*$!
{
	archiveVersion = 1;
	classes = {
	};
	objectVersion = 51;
	objects = {

/* Begin PBXBuildFile section */
		0975F8F426FDC82900DED8C4 /* AppDelegate.swift in Sources */ = {isa = PBXBuildFile; fileRef = 0975F8F326FDC82900DED8C4 /* AppDelegate.swift */; };
		0975F8F626FDC82900DED8C4 /* SceneDelegate.swift in Sources */ = {isa = PBXBuildFile; fileRef = 0975F8F526FDC82900DED8C4 /* SceneDelegate.swift */; };
		0975F8F826FDC82900DED8C4 /* ViewController.swift in Sources */ = {isa = PBXBuildFile; fileRef = 0975F8F726FDC82900DED8C4 /* ViewController.swift */; };
		0975F8FB26FDC82900DED8C4 /* Main.storyboard in Resources */ = {isa = PBXBuildFile; fileRef = 0975F8F926FDC82900DED8C4 /* Main.storyboard */; };
		0975F8FD26FDC82A00DED8C4 /* Assets.xcassets in Resources */ = {isa = PBXBuildFile; fileRef = 0975F8FC26FDC82A00DED8C4 /* Assets.xcassets */; };
		0975F90026FDC82A00DED8C4 /* LaunchScreen.storyboard in Resources */ = {isa = PBXBuildFile; fileRef = 0975F8FE26FDC82A00DED8C4 /* LaunchScreen.storyboard */; };
		0975F90A26FEC2E100DED8C4 /* ObservableDemo.swift in Sources */ = {isa = PBXBuildFile; fileRef = 0975F90926FEC2E100DED8C4 /* ObservableDemo.swift */; };
		0975F90F2701948800DED8C4 /* BindingTextField.swift in Sources */ = {isa = PBXBuildFile; fileRef = 0975F90E2701948800DED8C4 /* BindingTextField.swift */; };
		0975F9282702C26A00DED8C4 /* URLRequest+Extensions.swift in Sources */ = {isa = PBXBuildFile; fileRef = 0975F9272702C26A00DED8C4 /* URLRequest+Extensions.swift */; };
		0975F92C2702F10B00DED8C4 /* SomeProtocol.swift in Sources */ = {isa = PBXBuildFile; fileRef = 0975F92B2702F10B00DED8C4 /* SomeProtocol.swift */; };
		0975F92E2702F6C300DED8C4 /* Extensions.swift in Sources */ = {isa = PBXBuildFile; fileRef = 0975F92D2702F6C300DED8C4 /* Extensions.swift */; };
		0975F9392703380800DED8C4 /* SearchResponse.swift in Sources */ = {isa = PBXBuildFile; fileRef = 0975F92F2703380600DED8C4 /* SearchResponse.swift */; };
		0975F93A2703380800DED8C4 /* Repository.swift in Sources */ = {isa = PBXBuildFile; fileRef = 0975F9302703380700DED8C4 /* Repository.swift */; };
		0975F93B2703380800DED8C4 /* GitHubClientError.swift in Sources */ = {isa = PBXBuildFile; fileRef = 0975F9312703380700DED8C4 /* GitHubClientError.swift */; };
		0975F93C2703380800DED8C4 /* User.swift in Sources */ = {isa = PBXBuildFile; fileRef = 0975F9322703380700DED8C4 /* User.swift */; };
		0975F93D2703380800DED8C4 /* GItHubAPI.swift in Sources */ = {isa = PBXBuildFile; fileRef = 0975F9332703380700DED8C4 /* GItHubAPI.swift */; };
		0975F93E2703380800DED8C4 /* GitHubAPIError.swift in Sources */ = {isa = PBXBuildFile; fileRef = 0975F9342703380700DED8C4 /* GitHubAPIError.swift */; };
		0975F93F2703380800DED8C4 /* HTTPMethod.swift in Sources */ = {isa = PBXBuildFile; fileRef = 0975F9352703380700DED8C4 /* HTTPMethod.swift */; };
		0975F9402703380800DED8C4 /* HTTPClient.swift in Sources */ = {isa = PBXBuildFile; fileRef = 0975F9362703380700DED8C4 /* HTTPClient.swift */; };
		0975F9412703380800DED8C4 /* GitHubClient.swift in Sources */ = {isa = PBXBuildFile; fileRef = 0975F9372703380800DED8C4 /* GitHubClient.swift */; };
		0975F9422703380800DED8C4 /* GitHubRequest.swift in Sources */ = {isa = PBXBuildFile; fileRef = 0975F9382703380800DED8C4 /* GitHubRequest.swift */; };
		0975F94C270338D100DED8C4 /* SearchResponseTests.swift in Sources */ = {isa = PBXBuildFile; fileRef = 0975F945270338D000DED8C4 /* SearchResponseTests.swift */; };
		0975F94D270338D100DED8C4 /* UserTests.swift in Sources */ = {isa = PBXBuildFile; fileRef = 0975F946270338D000DED8C4 /* UserTests.swift */; };
		0975F94E270338D100DED8C4 /* GitHubAPIErrorTests.swift in Sources */ = {isa = PBXBuildFile; fileRef = 0975F947270338D000DED8C4 /* GitHubAPIErrorTests.swift */; };
		0975F94F270338D100DED8C4 /* ExampleJSON.swift in Sources */ = {isa = PBXBuildFile; fileRef = 0975F948270338D000DED8C4 /* ExampleJSON.swift */; };
		0975F950270338D100DED8C4 /* GitHubClientTests.swift in Sources */ = {isa = PBXBuildFile; fileRef = 0975F949270338D000DED8C4 /* GitHubClientTests.swift */; };
		0975F951270338D100DED8C4 /* RepositoryTests.swift in Sources */ = {isa = PBXBuildFile; fileRef = 0975F94A270338D100DED8C4 /* RepositoryTests.swift */; };
		0975F952270338D100DED8C4 /* StubHTTPClient.swift in Sources */ = {isa = PBXBuildFile; fileRef = 0975F94B270338D100DED8C4 /* StubHTTPClient.swift */; };
		0975F9AD270ECCEC00DED8C4 /* ActivityIndicator.swift in Sources */ = {isa = PBXBuildFile; fileRef = 0975F9AC270ECCEC00DED8C4 /* ActivityIndicator.swift */; };
		0975F9AF270ECED600DED8C4 /* Wireframe.swift in Sources */ = {isa = PBXBuildFile; fileRef = 0975F9AE270ECED600DED8C4 /* Wireframe.swift */; };
		B599F7F633614B74A4DF616B /* Pods_RxSwiftBookForG.framework in Frameworks */ = {isa = PBXBuildFile; fileRef = 664A1A30D95B7E1715872B30 /* Pods_RxSwiftBookForG.framework */; };
/* End PBXBuildFile section */

/* Begin PBXFileReference section */
		0975F8F026FDC82900DED8C4 /* RxSwiftBookForG.app */ = {isa = PBXFileReference; explicitFileType = wrapper.application; includeInIndex = 0; path = RxSwiftBookForG.app; sourceTree = BUILT_PRODUCTS_DIR; };
		0975F8F326FDC82900DED8C4 /* AppDelegate.swift */ = {isa = PBXFileReference; lastKnownFileType = sourcecode.swift; path = AppDelegate.swift; sourceTree = "<group>"; };
		0975F8F526FDC82900DED8C4 /* SceneDelegate.swift */ = {isa = PBXFileReference; lastKnownFileType = sourcecode.swift; path = SceneDelegate.swift; sourceTree = "<group>"; };
		0975F8F726FDC82900DED8C4 /* ViewController.swift */ = {isa = PBXFileReference; lastKnownFileType = sourcecode.swift; path = ViewController.swift; sourceTree = "<group>"; };
		0975F8FA26FDC82900DED8C4 /* Base */ = {isa = PBXFileReference; lastKnownFileType = file.storyboard; name = Base; path = Base.lproj/Main.storyboard; sourceTree = "<group>"; };
		0975F8FC26FDC82A00DED8C4 /* Assets.xcassets */ = {isa = PBXFileReference; lastKnownFileType = folder.assetcatalog; path = Assets.xcassets; sourceTree = "<group>"; };
		0975F8FF26FDC82A00DED8C4 /* Base */ = {isa = PBXFileReference; lastKnownFileType = file.storyboard; name = Base; path = Base.lproj/LaunchScreen.storyboard; sourceTree = "<group>"; };
		0975F90126FDC82A00DED8C4 /* Info.plist */ = {isa = PBXFileReference; lastKnownFileType = text.plist.xml; path = Info.plist; sourceTree = "<group>"; };
		0975F90726FDC85900DED8C4 /* MyPlayground.playground */ = {isa = PBXFileReference; lastKnownFileType = file.playground; path = MyPlayground.playground; sourceTree = "<group>"; xcLanguageSpecificationIdentifier = xcode.lang.swift; };
		0975F90926FEC2E100DED8C4 /* ObservableDemo.swift */ = {isa = PBXFileReference; lastKnownFileType = sourcecode.swift; path = ObservableDemo.swift; sourceTree = "<group>"; };
		0975F90E2701948800DED8C4 /* BindingTextField.swift */ = {isa = PBXFileReference; lastKnownFileType = sourcecode.swift; path = BindingTextField.swift; sourceTree = "<group>"; };
		0975F9272702C26A00DED8C4 /* URLRequest+Extensions.swift */ = {isa = PBXFileReference; lastKnownFileType = sourcecode.swift; path = "URLRequest+Extensions.swift"; sourceTree = "<group>"; };
		0975F92B2702F10B00DED8C4 /* SomeProtocol.swift */ = {isa = PBXFileReference; lastKnownFileType = sourcecode.swift; path = SomeProtocol.swift; sourceTree = "<group>"; };
		0975F92D2702F6C300DED8C4 /* Extensions.swift */ = {isa = PBXFileReference; lastKnownFileType = sourcecode.swift; path = Extensions.swift; sourceTree = "<group>"; };
		0975F92F2703380600DED8C4 /* SearchResponse.swift */ = {isa = PBXFileReference; fileEncoding = 4; lastKnownFileType = sourcecode.swift; path = SearchResponse.swift; sourceTree = "<group>"; };
		0975F9302703380700DED8C4 /* Repository.swift */ = {isa = PBXFileReference; fileEncoding = 4; lastKnownFileType = sourcecode.swift; path = Repository.swift; sourceTree = "<group>"; };
		0975F9312703380700DED8C4 /* GitHubClientError.swift */ = {isa = PBXFileReference; fileEncoding = 4; lastKnownFileType = sourcecode.swift; path = GitHubClientError.swift; sourceTree = "<group>"; };
		0975F9322703380700DED8C4 /* User.swift */ = {isa = PBXFileReference; fileEncoding = 4; lastKnownFileType = sourcecode.swift; path = User.swift; sourceTree = "<group>"; };
		0975F9332703380700DED8C4 /* GItHubAPI.swift */ = {isa = PBXFileReference; fileEncoding = 4; lastKnownFileType = sourcecode.swift; path = GItHubAPI.swift; sourceTree = "<group>"; };
		0975F9342703380700DED8C4 /* GitHubAPIError.swift */ = {isa = PBXFileReference; fileEncoding = 4; lastKnownFileType = sourcecode.swift; path = GitHubAPIError.swift; sourceTree = "<group>"; };
		0975F9352703380700DED8C4 /* HTTPMethod.swift */ = {isa = PBXFileReference; fileEncoding = 4; lastKnownFileType = sourcecode.swift; path = HTTPMethod.swift; sourceTree = "<group>"; };
		0975F9362703380700DED8C4 /* HTTPClient.swift */ = {isa = PBXFileReference; fileEncoding = 4; lastKnownFileType = sourcecode.swift; path = HTTPClient.swift; sourceTree = "<group>"; };
		0975F9372703380800DED8C4 /* GitHubClient.swift */ = {isa = PBXFileReference; fileEncoding = 4; lastKnownFileType = sourcecode.swift; path = GitHubClient.swift; sourceTree = "<group>"; };
		0975F9382703380800DED8C4 /* GitHubRequest.swift */ = {isa = PBXFileReference; fileEncoding = 4; lastKnownFileType = sourcecode.swift; path = GitHubRequest.swift; sourceTree = "<group>"; };
		0975F945270338D000DED8C4 /* SearchResponseTests.swift */ = {isa = PBXFileReference; fileEncoding = 4; lastKnownFileType = sourcecode.swift; path = SearchResponseTests.swift; sourceTree = "<group>"; };
		0975F946270338D000DED8C4 /* UserTests.swift */ = {isa = PBXFileReference; fileEncoding = 4; lastKnownFileType = sourcecode.swift; path = UserTests.swift; sourceTree = "<group>"; };
		0975F947270338D000DED8C4 /* GitHubAPIErrorTests.swift */ = {isa = PBXFileReference; fileEncoding = 4; lastKnownFileType = sourcecode.swift; path = GitHubAPIErrorTests.swift; sourceTree = "<group>"; };
		0975F948270338D000DED8C4 /* ExampleJSON.swift */ = {isa = PBXFileReference; fileEncoding = 4; lastKnownFileType = sourcecode.swift; path = ExampleJSON.swift; sourceTree = "<group>"; };
		0975F949270338D000DED8C4 /* GitHubClientTests.swift */ = {isa = PBXFileReference; fileEncoding = 4; lastKnownFileType = sourcecode.swift; path = GitHubClientTests.swift; sourceTree = "<group>"; };
		0975F94A270338D100DED8C4 /* RepositoryTests.swift */ = {isa = PBXFileReference; fileEncoding = 4; lastKnownFileType = sourcecode.swift; path = RepositoryTests.swift; sourceTree = "<group>"; };
		0975F94B270338D100DED8C4 /* StubHTTPClient.swift */ = {isa = PBXFileReference; fileEncoding = 4; lastKnownFileType = sourcecode.swift; path = StubHTTPClient.swift; sourceTree = "<group>"; };
		0975F9AC270ECCEC00DED8C4 /* ActivityIndicator.swift */ = {isa = PBXFileReference; lastKnownFileType = sourcecode.swift; path = ActivityIndicator.swift; sourceTree = "<group>"; };
		0975F9AE270ECED600DED8C4 /* Wireframe.swift */ = {isa = PBXFileReference; lastKnownFileType = sourcecode.swift; path = Wireframe.swift; sourceTree = "<group>"; };
		664A1A30D95B7E1715872B30 /* Pods_RxSwiftBookForG.framework */ = {isa = PBXFileReference; explicitFileType = wrapper.framework; includeInIndex = 0; path = Pods_RxSwiftBookForG.framework; sourceTree = BUILT_PRODUCTS_DIR; };
		90224AB0F8C43DE726B90AAE /* Pods-RxSwiftBookForG.release.xcconfig */ = {isa = PBXFileReference; includeInIndex = 1; lastKnownFileType = text.xcconfig; name = "Pods-RxSwiftBookForG.release.xcconfig"; path = "Target Support Files/Pods-RxSwiftBookForG/Pods-RxSwiftBookForG.release.xcconfig"; sourceTree = "<group>"; };
		B20B7A8490EF7943D390101F /* Pods-RxSwiftBookForG.debug.xcconfig */ = {isa = PBXFileReference; includeInIndex = 1; lastKnownFileType = text.xcconfig; name = "Pods-RxSwiftBookForG.debug.xcconfig"; path = "Target Support Files/Pods-RxSwiftBookForG/Pods-RxSwiftBookForG.debug.xcconfig"; sourceTree = "<group>"; };
/* End PBXFileReference section */

/* Begin PBXFrameworksBuildPhase section */
		0975F8ED26FDC82900DED8C4 /* Frameworks */ = {
			isa = PBXFrameworksBuildPhase;
			buildActionMask = 2147483647;
			files = (
				B599F7F633614B74A4DF616B /* Pods_RxSwiftBookForG.framework in Frameworks */,
			);
			runOnlyForDeploymentPostprocessing = 0;
		};
/* End PBXFrameworksBuildPhase section */

/* Begin PBXGroup section */
		0975F8E726FDC82900DED8C4 = {
			isa = PBXGroup;
			children = (
				0975F8F226FDC82900DED8C4 /* RxSwiftBookForG */,
				0975F9262702C25200DED8C4 /* Extensions */,
				0975F9292702F0D000DED8C4 /* SwiftBook */,
				0975F8F126FDC82900DED8C4 /* Products */,
				6B8BF76F0DE21E27E53E617D /* Pods */,
				D4F066BC9C8909C126401ABD /* Frameworks */,
			);
			sourceTree = "<group>";
		};
		0975F8F126FDC82900DED8C4 /* Products */ = {
			isa = PBXGroup;
			children = (
				0975F8F026FDC82900DED8C4 /* RxSwiftBookForG.app */,
			);
			name = Products;
			sourceTree = "<group>";
		};
		0975F8F226FDC82900DED8C4 /* RxSwiftBookForG */ = {
			isa = PBXGroup;
			children = (
				0975F90726FDC85900DED8C4 /* MyPlayground.playground */,
				0975F8F326FDC82900DED8C4 /* AppDelegate.swift */,
				0975F8F526FDC82900DED8C4 /* SceneDelegate.swift */,
				0975F8F726FDC82900DED8C4 /* ViewController.swift */,
				0975F8F926FDC82900DED8C4 /* Main.storyboard */,
				0975F8FC26FDC82A00DED8C4 /* Assets.xcassets */,
				0975F8FE26FDC82A00DED8C4 /* LaunchScreen.storyboard */,
				0975F90126FDC82A00DED8C4 /* Info.plist */,
				0975F90926FEC2E100DED8C4 /* ObservableDemo.swift */,
				0975F90E2701948800DED8C4 /* BindingTextField.swift */,
				0975F9AB270ECCD600DED8C4 /* Services */,
			);
			path = RxSwiftBookForG;
			sourceTree = "<group>";
		};
		0975F9262702C25200DED8C4 /* Extensions */ = {
			isa = PBXGroup;
			children = (
				0975F9272702C26A00DED8C4 /* URLRequest+Extensions.swift */,
				0975F92D2702F6C300DED8C4 /* Extensions.swift */,
			);
			path = Extensions;
			sourceTree = "<group>";
		};
		0975F9292702F0D000DED8C4 /* SwiftBook */ = {
			isa = PBXGroup;
			children = (
				0975F944270338B600DED8C4 /* GitHubSearchTests */,
				0975F9432703381E00DED8C4 /* GitHubSearch */,
				0975F92A2702F0EE00DED8C4 /* Protocols */,
			);
			path = SwiftBook;
			sourceTree = "<group>";
		};
		0975F92A2702F0EE00DED8C4 /* Protocols */ = {
			isa = PBXGroup;
			children = (
				0975F92B2702F10B00DED8C4 /* SomeProtocol.swift */,
			);
			path = Protocols;
			sourceTree = "<group>";
		};
		0975F9432703381E00DED8C4 /* GitHubSearch */ = {
			isa = PBXGroup;
			children = (
				0975F9332703380700DED8C4 /* GItHubAPI.swift */,
				0975F9342703380700DED8C4 /* GitHubAPIError.swift */,
				0975F9372703380800DED8C4 /* GitHubClient.swift */,
				0975F9312703380700DED8C4 /* GitHubClientError.swift */,
				0975F9382703380800DED8C4 /* GitHubRequest.swift */,
				0975F9362703380700DED8C4 /* HTTPClient.swift */,
				0975F9352703380700DED8C4 /* HTTPMethod.swift */,
				0975F9302703380700DED8C4 /* Repository.swift */,
				0975F92F2703380600DED8C4 /* SearchResponse.swift */,
				0975F9322703380700DED8C4 /* User.swift */,
			);
			path = GitHubSearch;
			sourceTree = "<group>";
		};
		0975F944270338B600DED8C4 /* GitHubSearchTests */ = {
			isa = PBXGroup;
			children = (
				0975F948270338D000DED8C4 /* ExampleJSON.swift */,
				0975F947270338D000DED8C4 /* GitHubAPIErrorTests.swift */,
				0975F949270338D000DED8C4 /* GitHubClientTests.swift */,
				0975F94A270338D100DED8C4 /* RepositoryTests.swift */,
				0975F945270338D000DED8C4 /* SearchResponseTests.swift */,
				0975F94B270338D100DED8C4 /* StubHTTPClient.swift */,
				0975F946270338D000DED8C4 /* UserTests.swift */,
			);
			path = GitHubSearchTests;
			sourceTree = "<group>";
		};
		0975F9AB270ECCD600DED8C4 /* Services */ = {
			isa = PBXGroup;
			children = (
				0975F9AC270ECCEC00DED8C4 /* ActivityIndicator.swift */,
				0975F9AE270ECED600DED8C4 /* Wireframe.swift */,
			);
			path = Services;
			sourceTree = "<group>";
		};
		6B8BF76F0DE21E27E53E617D /* Pods */ = {
			isa = PBXGroup;
			children = (
				B20B7A8490EF7943D390101F /* Pods-RxSwiftBookForG.debug.xcconfig */,
				90224AB0F8C43DE726B90AAE /* Pods-RxSwiftBookForG.release.xcconfig */,
			);
			path = Pods;
			sourceTree = "<group>";
		};
		D4F066BC9C8909C126401ABD /* Frameworks */ = {
			isa = PBXGroup;
			children = (
				664A1A30D95B7E1715872B30 /* Pods_RxSwiftBookForG.framework */,
			);
			name = Frameworks;
			sourceTree = "<group>";
		};
/* End PBXGroup section */

/* Begin PBXNativeTarget section */
		0975F8EF26FDC82900DED8C4 /* RxSwiftBookForG */ = {
			isa = PBXNativeTarget;
			buildConfigurationList = 0975F90426FDC82A00DED8C4 /* Build configuration list for PBXNativeTarget "RxSwiftBookForG" */;
			buildPhases = (
				847F2108188F31BEB8BFD430 /* [CP] Check Pods Manifest.lock */,
				0975F8EC26FDC82900DED8C4 /* Sources */,
				0975F8ED26FDC82900DED8C4 /* Frameworks */,
				0975F8EE26FDC82900DED8C4 /* Resources */,
				317CFA9AFC6797189F31842F /* [CP] Embed Pods Frameworks */,
			);
			buildRules = (
			);
			dependencies = (
			);
			name = RxSwiftBookForG;
			productName = RxSwiftBookForG;
			productReference = 0975F8F026FDC82900DED8C4 /* RxSwiftBookForG.app */;
			productType = "com.apple.product-type.application";
		};
/* End PBXNativeTarget section */

/* Begin PBXProject section */
		0975F8E826FDC82900DED8C4 /* Project object */ = {
			isa = PBXProject;
			attributes = {
				LastSwiftUpdateCheck = 1250;
				LastUpgradeCheck = 1250;
				TargetAttributes = {
					0975F8EF26FDC82900DED8C4 = {
						CreatedOnToolsVersion = 12.5;
					};
				};
			};
			buildConfigurationList = 0975F8EB26FDC82900DED8C4 /* Build configuration list for PBXProject "RxSwiftBookForG" */;
			compatibilityVersion = "Xcode 9.3";
			developmentRegion = en;
			hasScannedForEncodings = 0;
			knownRegions = (
				en,
				Base,
			);
			mainGroup = 0975F8E726FDC82900DED8C4;
			productRefGroup = 0975F8F126FDC82900DED8C4 /* Products */;
			projectDirPath = "";
			projectRoot = "";
			targets = (
				0975F8EF26FDC82900DED8C4 /* RxSwiftBookForG */,
			);
		};
/* End PBXProject section */

/* Begin PBXResourcesBuildPhase section */
		0975F8EE26FDC82900DED8C4 /* Resources */ = {
			isa = PBXResourcesBuildPhase;
			buildActionMask = 2147483647;
			files = (
				0975F90026FDC82A00DED8C4 /* LaunchScreen.storyboard in Resources */,
				0975F8FD26FDC82A00DED8C4 /* Assets.xcassets in Resources */,
				0975F8FB26FDC82900DED8C4 /* Main.storyboard in Resources */,
			);
			runOnlyForDeploymentPostprocessing = 0;
		};
/* End PBXResourcesBuildPhase section */

/* Begin PBXShellScriptBuildPhase section */
		317CFA9AFC6797189F31842F /* [CP] Embed Pods Frameworks */ = {
			isa = PBXShellScriptBuildPhase;
			buildActionMask = 2147483647;
			files = (
			);
			inputFileListPaths = (
				"${PODS_ROOT}/Target Support Files/Pods-RxSwiftBookForG/Pods-RxSwiftBookForG-frameworks-${CONFIGURATION}-input-files.xcfilelist",
			);
			name = "[CP] Embed Pods Frameworks";
			outputFileListPaths = (
				"${PODS_ROOT}/Target Support Files/Pods-RxSwiftBookForG/Pods-RxSwiftBookForG-frameworks-${CONFIGURATION}-output-files.xcfilelist",
			);
			runOnlyForDeploymentPostprocessing = 0;
			shellPath = /bin/sh;
			shellScript = "\"${PODS_ROOT}/Target Support Files/Pods-RxSwiftBookForG/Pods-RxSwiftBookForG-frameworks.sh\"\n";
			showEnvVarsInLog = 0;
		};
		847F2108188F31BEB8BFD430 /* [CP] Check Pods Manifest.lock */ = {
			isa = PBXShellScriptBuildPhase;
			buildActionMask = 2147483647;
			files = (
			);
			inputFileListPaths = (
			);
			inputPaths = (
				"${PODS_PODFILE_DIR_PATH}/Podfile.lock",
				"${PODS_ROOT}/Manifest.lock",
			);
			name = "[CP] Check Pods Manifest.lock";
			outputFileListPaths = (
			);
			outputPaths = (
				"$(DERIVED_FILE_DIR)/Pods-RxSwiftBookForG-checkManifestLockResult.txt",
			);
			runOnlyForDeploymentPostprocessing = 0;
			shellPath = /bin/sh;
			shellScript = "diff \"${PODS_PODFILE_DIR_PATH}/Podfile.lock\" \"${PODS_ROOT}/Manifest.lock\" > /dev/null\nif [ $? != 0 ] ; then\n    # print error to STDERR\n    echo \"error: The sandbox is not in sync with the Podfile.lock. Run 'pod install' or update your CocoaPods installation.\" >&2\n    exit 1\nfi\n# This output is used by Xcode 'outputs' to avoid re-running this script phase.\necho \"SUCCESS\" > \"${SCRIPT_OUTPUT_FILE_0}\"\n";
			showEnvVarsInLog = 0;
		};
/* End PBXShellScriptBuildPhase section */

/* Begin PBXSourcesBuildPhase section */
		0975F8EC26FDC82900DED8C4 /* Sources */ = {
			isa = PBXSourcesBuildPhase;
			buildActionMask = 2147483647;
			files = (
				0975F8F826FDC82900DED8C4 /* ViewController.swift in Sources */,
				0975F90A26FEC2E100DED8C4 /* ObservableDemo.swift in Sources */,
				0975F90F2701948800DED8C4 /* BindingTextField.swift in Sources */,
				0975F92E2702F6C300DED8C4 /* Extensions.swift in Sources */,
				0975F9AD270ECCEC00DED8C4 /* ActivityIndicator.swift in Sources */,
				0975F93D2703380800DED8C4 /* GItHubAPI.swift in Sources */,
				0975F9282702C26A00DED8C4 /* URLRequest+Extensions.swift in Sources */,
				0975F94E270338D100DED8C4 /* GitHubAPIErrorTests.swift in Sources */,
				0975F92C2702F10B00DED8C4 /* SomeProtocol.swift in Sources */,
				0975F93B2703380800DED8C4 /* GitHubClientError.swift in Sources */,
				0975F93F2703380800DED8C4 /* HTTPMethod.swift in Sources */,
				0975F93E2703380800DED8C4 /* GitHubAPIError.swift in Sources */,
				0975F951270338D100DED8C4 /* RepositoryTests.swift in Sources */,
				0975F9402703380800DED8C4 /* HTTPClient.swift in Sources */,
				0975F8F426FDC82900DED8C4 /* AppDelegate.swift in Sources */,
				0975F94D270338D100DED8C4 /* UserTests.swift in Sources */,
				0975F93C2703380800DED8C4 /* User.swift in Sources */,
				0975F93A2703380800DED8C4 /* Repository.swift in Sources */,
				0975F94C270338D100DED8C4 /* SearchResponseTests.swift in Sources */,
				0975F952270338D100DED8C4 /* StubHTTPClient.swift in Sources */,
				0975F9412703380800DED8C4 /* GitHubClient.swift in Sources */,
				0975F94F270338D100DED8C4 /* ExampleJSON.swift in Sources */,
				0975F8F626FDC82900DED8C4 /* SceneDelegate.swift in Sources */,
				0975F9AF270ECED600DED8C4 /* Wireframe.swift in Sources */,
				0975F9422703380800DED8C4 /* GitHubRequest.swift in Sources */,
				0975F950270338D100DED8C4 /* GitHubClientTests.swift in Sources */,
				0975F9392703380800DED8C4 /* SearchResponse.swift in Sources */,
			);
			runOnlyForDeploymentPostprocessing = 0;
		};
/* End PBXSourcesBuildPhase section */

/* Begin PBXVariantGroup section */
		0975F8F926FDC82900DED8C4 /* Main.storyboard */ = {
			isa = PBXVariantGroup;
			children = (
				0975F8FA26FDC82900DED8C4 /* Base */,
			);
			name = Main.storyboard;
			sourceTree = "<group>";
		};
		0975F8FE26FDC82A00DED8C4 /* LaunchScreen.storyboard */ = {
			isa = PBXVariantGroup;
			children = (
				0975F8FF26FDC82A00DED8C4 /* Base */,
			);
			name = LaunchScreen.storyboard;
			sourceTree = "<group>";
		};
/* End PBXVariantGroup section */

/* Begin XCBuildConfiguration section */
		0975F90226FDC82A00DED8C4 /* Debug */ = {
			isa = XCBuildConfiguration;
			buildSettings = {
				ALWAYS_SEARCH_USER_PATHS = NO;
				CLANG_ANALYZER_NONNULL = YES;
				CLANG_ANALYZER_NUMBER_OBJECT_CONVERSION = YES_AGGRESSIVE;
				CLANG_CXX_LANGUAGE_STANDARD = "gnu++14";
				CLANG_CXX_LIBRARY = "libc++";
				CLANG_ENABLE_MODULES = YES;
				CLANG_ENABLE_OBJC_ARC = YES;
				CLANG_ENABLE_OBJC_WEAK = YES;
				CLANG_WARN_BLOCK_CAPTURE_AUTORELEASING = YES;
				CLANG_WARN_BOOL_CONVERSION = YES;
				CLANG_WARN_COMMA = YES;
				CLANG_WARN_CONSTANT_CONVERSION = YES;
				CLANG_WARN_DEPRECATED_OBJC_IMPLEMENTATIONS = YES;
				CLANG_WARN_DIRECT_OBJC_ISA_USAGE = YES_ERROR;
				CLANG_WARN_DOCUMENTATION_COMMENTS = YES;
				CLANG_WARN_EMPTY_BODY = YES;
				CLANG_WARN_ENUM_CONVERSION = YES;
				CLANG_WARN_INFINITE_RECURSION = YES;
				CLANG_WARN_INT_CONVERSION = YES;
				CLANG_WARN_NON_LITERAL_NULL_CONVERSION = YES;
				CLANG_WARN_OBJC_IMPLICIT_RETAIN_SELF = YES;
				CLANG_WARN_OBJC_LITERAL_CONVERSION = YES;
				CLANG_WARN_OBJC_ROOT_CLASS = YES_ERROR;
				CLANG_WARN_QUOTED_INCLUDE_IN_FRAMEWORK_HEADER = YES;
				CLANG_WARN_RANGE_LOOP_ANALYSIS = YES;
				CLANG_WARN_STRICT_PROTOTYPES = YES;
				CLANG_WARN_SUSPICIOUS_MOVE = YES;
				CLANG_WARN_UNGUARDED_AVAILABILITY = YES_AGGRESSIVE;
				CLANG_WARN_UNREACHABLE_CODE = YES;
				CLANG_WARN__DUPLICATE_METHOD_MATCH = YES;
				COPY_PHASE_STRIP = NO;
				DEBUG_INFORMATION_FORMAT = dwarf;
				ENABLE_STRICT_OBJC_MSGSEND = YES;
				ENABLE_TESTABILITY = YES;
				GCC_C_LANGUAGE_STANDARD = gnu11;
				GCC_DYNAMIC_NO_PIC = NO;
				GCC_NO_COMMON_BLOCKS = YES;
				GCC_OPTIMIZATION_LEVEL = 0;
				GCC_PREPROCESSOR_DEFINITIONS = (
					"DEBUG=1",
					"$(inherited)",
				);
				GCC_WARN_64_TO_32_BIT_CONVERSION = YES;
				GCC_WARN_ABOUT_RETURN_TYPE = YES_ERROR;
				GCC_WARN_UNDECLARED_SELECTOR = YES;
				GCC_WARN_UNINITIALIZED_AUTOS = YES_AGGRESSIVE;
				GCC_WARN_UNUSED_FUNCTION = YES;
				GCC_WARN_UNUSED_VARIABLE = YES;
				IPHONEOS_DEPLOYMENT_TARGET = 14.5;
				MTL_ENABLE_DEBUG_INFO = INCLUDE_SOURCE;
				MTL_FAST_MATH = YES;
				ONLY_ACTIVE_ARCH = YES;
				SDKROOT = iphoneos;
				SWIFT_ACTIVE_COMPILATION_CONDITIONS = DEBUG;
				SWIFT_OPTIMIZATION_LEVEL = "-Onone";
			};
			name = Debug;
		};
		0975F90326FDC82A00DED8C4 /* Release */ = {
			isa = XCBuildConfiguration;
			buildSettings = {
				ALWAYS_SEARCH_USER_PATHS = NO;
				CLANG_ANALYZER_NONNULL = YES;
				CLANG_ANALYZER_NUMBER_OBJECT_CONVERSION = YES_AGGRESSIVE;
				CLANG_CXX_LANGUAGE_STANDARD = "gnu++14";
				CLANG_CXX_LIBRARY = "libc++";
				CLANG_ENABLE_MODULES = YES;
				CLANG_ENABLE_OBJC_ARC = YES;
				CLANG_ENABLE_OBJC_WEAK = YES;
				CLANG_WARN_BLOCK_CAPTURE_AUTORELEASING = YES;
				CLANG_WARN_BOOL_CONVERSION = YES;
				CLANG_WARN_COMMA = YES;
				CLANG_WARN_CONSTANT_CONVERSION = YES;
				CLANG_WARN_DEPRECATED_OBJC_IMPLEMENTATIONS = YES;
				CLANG_WARN_DIRECT_OBJC_ISA_USAGE = YES_ERROR;
				CLANG_WARN_DOCUMENTATION_COMMENTS = YES;
				CLANG_WARN_EMPTY_BODY = YES;
				CLANG_WARN_ENUM_CONVERSION = YES;
				CLANG_WARN_INFINITE_RECURSION = YES;
				CLANG_WARN_INT_CONVERSION = YES;
				CLANG_WARN_NON_LITERAL_NULL_CONVERSION = YES;
				CLANG_WARN_OBJC_IMPLICIT_RETAIN_SELF = YES;
				CLANG_WARN_OBJC_LITERAL_CONVERSION = YES;
				CLANG_WARN_OBJC_ROOT_CLASS = YES_ERROR;
				CLANG_WARN_QUOTED_INCLUDE_IN_FRAMEWORK_HEADER = YES;
				CLANG_WARN_RANGE_LOOP_ANALYSIS = YES;
				CLANG_WARN_STRICT_PROTOTYPES = YES;
				CLANG_WARN_SUSPICIOUS_MOVE = YES;
				CLANG_WARN_UNGUARDED_AVAILABILITY = YES_AGGRESSIVE;
				CLANG_WARN_UNREACHABLE_CODE = YES;
				CLANG_WARN__DUPLICATE_METHOD_MATCH = YES;
				COPY_PHASE_STRIP = NO;
				DEBUG_INFORMATION_FORMAT = "dwarf-with-dsym";
				ENABLE_NS_ASSERTIONS = NO;
				ENABLE_STRICT_OBJC_MSGSEND = YES;
				GCC_C_LANGUAGE_STANDARD = gnu11;
				GCC_NO_COMMON_BLOCKS = YES;
				GCC_WARN_64_TO_32_BIT_CONVERSION = YES;
				GCC_WARN_ABOUT_RETURN_TYPE = YES_ERROR;
				GCC_WARN_UNDECLARED_SELECTOR = YES;
				GCC_WARN_UNINITIALIZED_AUTOS = YES_AGGRESSIVE;
				GCC_WARN_UNUSED_FUNCTION = YES;
				GCC_WARN_UNUSED_VARIABLE = YES;
				IPHONEOS_DEPLOYMENT_TARGET = 14.5;
				MTL_ENABLE_DEBUG_INFO = NO;
				MTL_FAST_MATH = YES;
				SDKROOT = iphoneos;
				SWIFT_COMPILATION_MODE = wholemodule;
				SWIFT_OPTIMIZATION_LEVEL = "-O";
				VALIDATE_PRODUCT = YES;
			};
			name = Release;
		};
		0975F90526FDC82A00DED8C4 /* Debug */ = {
			isa = XCBuildConfiguration;
			baseConfigurationReference = B20B7A8490EF7943D390101F /* Pods-RxSwiftBookForG.debug.xcconfig */;
			buildSettings = {
				ASSETCATALOG_COMPILER_APPICON_NAME = AppIcon;
				ASSETCATALOG_COMPILER_GLOBAL_ACCENT_COLOR_NAME = AccentColor;
				CODE_SIGN_STYLE = Automatic;
				DEVELOPMENT_TEAM = 4X54PF5Z7S;
				INFOPLIST_FILE = RxSwiftBookForG/Info.plist;
				LD_RUNPATH_SEARCH_PATHS = (
					"$(inherited)",
					"@executable_path/Frameworks",
				);
				PRODUCT_BUNDLE_IDENTIFIER = com.daisuke.RxSwiftBookForG;
				PRODUCT_NAME = "$(TARGET_NAME)";
				SWIFT_VERSION = 5.0;
				TARGETED_DEVICE_FAMILY = "1,2";
			};
			name = Debug;
		};
		0975F90626FDC82A00DED8C4 /* Release */ = {
			isa = XCBuildConfiguration;
			baseConfigurationReference = 90224AB0F8C43DE726B90AAE /* Pods-RxSwiftBookForG.release.xcconfig */;
			buildSettings = {
				ASSETCATALOG_COMPILER_APPICON_NAME = AppIcon;
				ASSETCATALOG_COMPILER_GLOBAL_ACCENT_COLOR_NAME = AccentColor;
				CODE_SIGN_STYLE = Automatic;
				DEVELOPMENT_TEAM = 4X54PF5Z7S;
				INFOPLIST_FILE = RxSwiftBookForG/Info.plist;
				LD_RUNPATH_SEARCH_PATHS = (
					"$(inherited)",
					"@executable_path/Frameworks",
				);
				PRODUCT_BUNDLE_IDENTIFIER = com.daisuke.RxSwiftBookForG;
				PRODUCT_NAME = "$(TARGET_NAME)";
				SWIFT_VERSION = 5.0;
				TARGETED_DEVICE_FAMILY = "1,2";
			};
			name = Release;
		};
/* End XCBuildConfiguration section */

/* Begin XCConfigurationList section */
		0975F8EB26FDC82900DED8C4 /* Build configuration list for PBXProject "RxSwiftBookForG" */ = {
			isa = XCConfigurationList;
			buildConfigurations = (
				0975F90226FDC82A00DED8C4 /* Debug */,
				0975F90326FDC82A00DED8C4 /* Release */,
			);
			defaultConfigurationIsVisible = 0;
			defaultConfigurationName = Release;
		};
		0975F90426FDC82A00DED8C4 /* Build configuration list for PBXNativeTarget "RxSwiftBookForG" */ = {
			isa = XCConfigurationList;
			buildConfigurations = (
				0975F90526FDC82A00DED8C4 /* Debug */,
				0975F90626FDC82A00DED8C4 /* Release */,
			);
			defaultConfigurationIsVisible = 0;
			defaultConfigurationName = Release;
		};
/* End XCConfigurationList section */
	};
	rootObject = 0975F8E826FDC82900DED8C4 /* Project object */;
}
